
Microsoft Visual Studio Solution File, Format Version 12.00
# Visual Studio Version 16
VisualStudioVersion = 16.0.30711.63
MinimumVisualStudioVersion = 10.0.40219.1
Project("{FAE04EC0-301F-11D3-BF4B-00C04F79EFBC}") = "LangTest", "LangTest\LangTest.csproj", "{B95D0AF5-7E3C-499C-BDF8-22D6EF8CAD65}"
EndProject
Project("{9A19103F-16F7-4668-BE54-9A1E7A4F7556}") = "Lexing", "Lexing\Lexing.csproj", "{5D2122C4-4072-4181-8D30-640F277DD5BC}"
EndProject
Project("{FAE04EC0-301F-11D3-BF4B-00C04F79EFBC}") = "LexingTests", "LexingTests\LexingTests.csproj", "{103A5B41-8A0E-4130-A5E3-0B01068DC2F7}"
EndProject
Global
	GlobalSection(SolutionConfigurationPlatforms) = preSolution
		Debug|Any CPU = Debug|Any CPU
		Release|Any CPU = Release|Any CPU
	EndGlobalSection
	GlobalSection(ProjectConfigurationPlatforms) = postSolution
		{B95D0AF5-7E3C-499C-BDF8-22D6EF8CAD65}.Debug|Any CPU.ActiveCfg = Debug|Any CPU
		{B95D0AF5-7E3C-499C-BDF8-22D6EF8CAD65}.Debug|Any CPU.Build.0 = Debug|Any CPU
		{B95D0AF5-7E3C-499C-BDF8-22D6EF8CAD65}.Release|Any CPU.ActiveCfg = Release|Any CPU
		{B95D0AF5-7E3C-499C-BDF8-22D6EF8CAD65}.Release|Any CPU.Build.0 = Release|Any CPU
		{5D2122C4-4072-4181-8D30-640F277DD5BC}.Debug|Any CPU.ActiveCfg = Debug|Any CPU
		{5D2122C4-4072-4181-8D30-640F277DD5BC}.Debug|Any CPU.Build.0 = Debug|Any CPU
		{5D2122C4-4072-4181-8D30-640F277DD5BC}.Release|Any CPU.ActiveCfg = Release|Any CPU
		{5D2122C4-4072-4181-8D30-640F277DD5BC}.Release|Any CPU.Build.0 = Release|Any CPU
		{103A5B41-8A0E-4130-A5E3-0B01068DC2F7}.Debug|Any CPU.ActiveCfg = Debug|Any CPU
		{103A5B41-8A0E-4130-A5E3-0B01068DC2F7}.Debug|Any CPU.Build.0 = Debug|Any CPU
		{103A5B41-8A0E-4130-A5E3-0B01068DC2F7}.Release|Any CPU.ActiveCfg = Release|Any CPU
		{103A5B41-8A0E-4130-A5E3-0B01068DC2F7}.Release|Any CPU.Build.0 = Release|Any CPU
	EndGlobalSection
	GlobalSection(SolutionProperties) = preSolution
		HideSolutionNode = FALSE
	EndGlobalSection
	GlobalSection(ExtensibilityGlobals) = postSolution
		SolutionGuid = {89530103-F142-4B65-AB6F-7EAB2D22123D}
	EndGlobalSection
EndGlobal
